
Microsoft Visual Studio Solution File, Format Version 12.00
Project("{FAE04EC0-301F-11D3-BF4B-00C04F79EFBC}") = "MauiAppShellMemoryLeakNavigationRoot", "MauiAppShellMemoryLeakNavigationRoot\MauiAppShellMemoryLeakNavigationRoot.csproj", "{D64C59C0-1A00-4C3D-92B7-F4D2D7D0BE62}"
EndProject
Global
	GlobalSection(SolutionConfigurationPlatforms) = preSolution
		Debug|Any CPU = Debug|Any CPU
		Release|Any CPU = Release|Any CPU
	EndGlobalSection
	GlobalSection(ProjectConfigurationPlatforms) = postSolution
		{D64C59C0-1A00-4C3D-92B7-F4D2D7D0BE62}.Debug|Any CPU.ActiveCfg = Debug|Any CPU
		{D64C59C0-1A00-4C3D-92B7-F4D2D7D0BE62}.Debug|Any CPU.Build.0 = Debug|Any CPU
		{D64C59C0-1A00-4C3D-92B7-F4D2D7D0BE62}.Release|Any CPU.ActiveCfg = Release|Any CPU
		{D64C59C0-1A00-4C3D-92B7-F4D2D7D0BE62}.Release|Any CPU.Build.0 = Release|Any CPU
	EndGlobalSection
EndGlobal
